
Microsoft Visual Studio Solution File, Format Version 12.00
# Visual Studio 15
VisualStudioVersion = 15.0.28307.271
MinimumVisualStudioVersion = 10.0.40219.1
Project("{FAE04EC0-301F-11D3-BF4B-00C04F79EFBC}") = "PimaxLightFixer", "PimaxLightFixer\PimaxLightFixer.csproj", "{F1BCF1CD-8EC6-403A-AB09-13B118250F87}"
EndProject
Global
	GlobalSection(SolutionConfigurationPlatforms) = preSolution
		Debug|Any CPU = Debug|Any CPU
		Release|Any CPU = Release|Any CPU
	EndGlobalSection
	GlobalSection(ProjectConfigurationPlatforms) = postSolution
		{F1BCF1CD-8EC6-403A-AB09-13B118250F87}.Debug|Any CPU.ActiveCfg = Debug|Any CPU
		{F1BCF1CD-8EC6-403A-AB09-13B118250F87}.Debug|Any CPU.Build.0 = Debug|Any CPU
		{F1BCF1CD-8EC6-403A-AB09-13B118250F87}.Release|Any CPU.ActiveCfg = Release|Any CPU
		{F1BCF1CD-8EC6-403A-AB09-13B118250F87}.Release|Any CPU.Build.0 = Release|Any CPU
	EndGlobalSection
	GlobalSection(SolutionProperties) = preSolution
		HideSolutionNode = FALSE
	EndGlobalSection
	GlobalSection(ExtensibilityGlobals) = postSolution
		SolutionGuid = {5C48935E-6C0D-4A45-B039-F58525844F26}
	EndGlobalSection
EndGlobal
